
Microsoft Visual Studio Solution File, Format Version 12.00
# Visual Studio Version 17
VisualStudioVersion = 17.10.35027.167
MinimumVisualStudioVersion = 10.0.40219.1
Project("{FAE04EC0-301F-11D3-BF4B-00C04F79EFBC}") = "RFID YOKLAMA", "RFID YOKLAMA\RFID YOKLAMA.csproj", "{2DB7B2CA-7091-42EA-895E-262C71C67C55}"
EndProject
Global
	GlobalSection(SolutionConfigurationPlatforms) = preSolution
		Debug|Any CPU = Debug|Any CPU
		Release|Any CPU = Release|Any CPU
	EndGlobalSection
	GlobalSection(ProjectConfigurationPlatforms) = postSolution
		{2DB7B2CA-7091-42EA-895E-262C71C67C55}.Debug|Any CPU.ActiveCfg = Debug|Any CPU
		{2DB7B2CA-7091-42EA-895E-262C71C67C55}.Debug|Any CPU.Build.0 = Debug|Any CPU
		{2DB7B2CA-7091-42EA-895E-262C71C67C55}.Release|Any CPU.ActiveCfg = Release|Any CPU
		{2DB7B2CA-7091-42EA-895E-262C71C67C55}.Release|Any CPU.Build.0 = Release|Any CPU
	EndGlobalSection
	GlobalSection(SolutionProperties) = preSolution
		HideSolutionNode = FALSE
	EndGlobalSection
	GlobalSection(ExtensibilityGlobals) = postSolution
		SolutionGuid = {D5121B3E-287C-4E64-885D-2FDA4638977B}
	EndGlobalSection
EndGlobal
